
Microsoft Visual Studio Solution File, Format Version 12.00
# Visual Studio 15
VisualStudioVersion = 15.0.28306.52
MinimumVisualStudioVersion = 10.0.40219.1
Project("{FAE04EC0-301F-11D3-BF4B-00C04F79EFBC}") = "SchemaStore", "SchemaStore\SchemaStore.csproj", "{54262104-E095-4141-B44B-C537CDBFCA57}"
EndProject
Global
	GlobalSection(SolutionConfigurationPlatforms) = preSolution
		Debug|Any CPU = Debug|Any CPU
		Release|Any CPU = Release|Any CPU
	EndGlobalSection
	GlobalSection(ProjectConfigurationPlatforms) = postSolution
		{54262104-E095-4141-B44B-C537CDBFCA57}.Debug|Any CPU.ActiveCfg = Debug|Any CPU
		{54262104-E095-4141-B44B-C537CDBFCA57}.Debug|Any CPU.Build.0 = Debug|Any CPU
		{54262104-E095-4141-B44B-C537CDBFCA57}.Release|Any CPU.ActiveCfg = Release|Any CPU
		{54262104-E095-4141-B44B-C537CDBFCA57}.Release|Any CPU.Build.0 = Release|Any CPU
	EndGlobalSection
	GlobalSection(SolutionProperties) = preSolution
		HideSolutionNode = FALSE
	EndGlobalSection
	GlobalSection(ExtensibilityGlobals) = postSolution
		SolutionGuid = {C0555288-34A4-431E-929D-CF290D8F07FC}
	EndGlobalSection
EndGlobal
